
Microsoft Visual Studio Solution File, Format Version 12.00
# Visual Studio Version 16
VisualStudioVersion = 16.0.30611.23
MinimumVisualStudioVersion = 10.0.40219.1
Project("{FAE04EC0-301F-11D3-BF4B-00C04F79EFBC}") = "WebsiteNoiThat", "WebsiteNoiThat\WebsiteNoiThat.csproj", "{47745E08-7628-4598-B814-F6BB459ED75C}"
EndProject
Global
	GlobalSection(SolutionConfigurationPlatforms) = preSolution
		Debug|Any CPU = Debug|Any CPU
		Release|Any CPU = Release|Any CPU
	EndGlobalSection
	GlobalSection(ProjectConfigurationPlatforms) = postSolution
		{47745E08-7628-4598-B814-F6BB459ED75C}.Debug|Any CPU.ActiveCfg = Debug|Any CPU
		{47745E08-7628-4598-B814-F6BB459ED75C}.Debug|Any CPU.Build.0 = Debug|Any CPU
		{47745E08-7628-4598-B814-F6BB459ED75C}.Release|Any CPU.ActiveCfg = Release|Any CPU
		{47745E08-7628-4598-B814-F6BB459ED75C}.Release|Any CPU.Build.0 = Release|Any CPU
	EndGlobalSection
	GlobalSection(SolutionProperties) = preSolution
		HideSolutionNode = FALSE
	EndGlobalSection
	GlobalSection(ExtensibilityGlobals) = postSolution
		SolutionGuid = {E454259E-1E70-40BB-8322-974E80A6FA5E}
	EndGlobalSection
EndGlobal
