
Microsoft Visual Studio Solution File, Format Version 12.00
# Visual Studio Version 16
VisualStudioVersion = 16.0.30611.23
MinimumVisualStudioVersion = 10.0.40219.1
Project("{FAE04EC0-301F-11D3-BF4B-00C04F79EFBC}") = "NoiThat_v1.0", "NoiThat_v1.0\NoiThat_v1.0.csproj", "{29F99CB8-C6B1-4EA2-AA76-4A3D57B56FF8}"
EndProject
Global
	GlobalSection(SolutionConfigurationPlatforms) = preSolution
		Debug|Any CPU = Debug|Any CPU
		Release|Any CPU = Release|Any CPU
	EndGlobalSection
	GlobalSection(ProjectConfigurationPlatforms) = postSolution
		{29F99CB8-C6B1-4EA2-AA76-4A3D57B56FF8}.Debug|Any CPU.ActiveCfg = Debug|Any CPU
		{29F99CB8-C6B1-4EA2-AA76-4A3D57B56FF8}.Debug|Any CPU.Build.0 = Debug|Any CPU
		{29F99CB8-C6B1-4EA2-AA76-4A3D57B56FF8}.Release|Any CPU.ActiveCfg = Release|Any CPU
		{29F99CB8-C6B1-4EA2-AA76-4A3D57B56FF8}.Release|Any CPU.Build.0 = Release|Any CPU
	EndGlobalSection
	GlobalSection(SolutionProperties) = preSolution
		HideSolutionNode = FALSE
	EndGlobalSection
	GlobalSection(ExtensibilityGlobals) = postSolution
		SolutionGuid = {4FD3C762-3311-4BD0-BA90-28D91F2E3209}
	EndGlobalSection
EndGlobal
